
Microsoft Visual Studio Solution File, Format Version 12.00
# Visual Studio Version 17
VisualStudioVersion = 17.5.002.0
MinimumVisualStudioVersion = 10.0.40219.1
Project("{9A19103F-16F7-4668-BE54-9A1E7A4F7556}") = "StaffTesting", "StaffTesting.csproj", "{7A6C752A-EC81-4A64-B115-ACDC38CAF375}"
EndProject
Global
	GlobalSection(SolutionConfigurationPlatforms) = preSolution
		Debug|Any CPU = Debug|Any CPU
		Release|Any CPU = Release|Any CPU
	EndGlobalSection
	GlobalSection(ProjectConfigurationPlatforms) = postSolution
		{7A6C752A-EC81-4A64-B115-ACDC38CAF375}.Debug|Any CPU.ActiveCfg = Debug|Any CPU
		{7A6C752A-EC81-4A64-B115-ACDC38CAF375}.Debug|Any CPU.Build.0 = Debug|Any CPU
		{7A6C752A-EC81-4A64-B115-ACDC38CAF375}.Release|Any CPU.ActiveCfg = Release|Any CPU
		{7A6C752A-EC81-4A64-B115-ACDC38CAF375}.Release|Any CPU.Build.0 = Release|Any CPU
	EndGlobalSection
	GlobalSection(SolutionProperties) = preSolution
		HideSolutionNode = FALSE
	EndGlobalSection
	GlobalSection(ExtensibilityGlobals) = postSolution
		SolutionGuid = {8EF17BEA-907B-4BF5-A558-7821201028BB}
	EndGlobalSection
EndGlobal
